
Microsoft Visual Studio Solution File, Format Version 12.00
# Visual Studio Version 16
VisualStudioVersion = 16.0.29920.165
MinimumVisualStudioVersion = 10.0.40219.1
Project("{FAE04EC0-301F-11D3-BF4B-00C04F79EFBC}") = "App1", "App1.csproj", "{F6608DC4-5BC5-480B-98E6-7DCF98076444}"
EndProject
Global
	GlobalSection(SolutionConfigurationPlatforms) = preSolution
		Debug|Any CPU = Debug|Any CPU
		Release|Any CPU = Release|Any CPU
	EndGlobalSection
	GlobalSection(ProjectConfigurationPlatforms) = postSolution
		{F6608DC4-5BC5-480B-98E6-7DCF98076444}.Debug|Any CPU.ActiveCfg = Debug|Any CPU
		{F6608DC4-5BC5-480B-98E6-7DCF98076444}.Debug|Any CPU.Build.0 = Debug|Any CPU
		{F6608DC4-5BC5-480B-98E6-7DCF98076444}.Release|Any CPU.ActiveCfg = Release|Any CPU
		{F6608DC4-5BC5-480B-98E6-7DCF98076444}.Release|Any CPU.Build.0 = Release|Any CPU
	EndGlobalSection
	GlobalSection(SolutionProperties) = preSolution
		HideSolutionNode = FALSE
	EndGlobalSection
	GlobalSection(ExtensibilityGlobals) = postSolution
		SolutionGuid = {DE46D8B5-233A-4FC2-BE3A-D84BEA6A7D6B}
	EndGlobalSection
EndGlobal
